
Microsoft Visual Studio Solution File, Format Version 12.00
# Visual Studio Version 16
VisualStudioVersion = 16.0.31005.135
MinimumVisualStudioVersion = 10.0.40219.1
Project("{9A19103F-16F7-4668-BE54-9A1E7A4F7556}") = "YaRemoteTv.Api", "YaRemoteTv.Api\YaRemoteTv.Api.csproj", "{60998205-6509-41D6-9468-3D6146B25AF3}"
EndProject
Project("{2150E333-8FDC-42A3-9474-1A3956D46DE8}") = "Solution Items", "Solution Items", "{0B8B250F-17B3-40BB-A0C2-6F3DAAA22883}"
	ProjectSection(SolutionItems) = preProject
		..\.gitignore = ..\.gitignore
		..\Dockerfile = ..\Dockerfile
		..\README.md = ..\README.md
	EndProjectSection
EndProject
Global
	GlobalSection(SolutionConfigurationPlatforms) = preSolution
		Debug|Any CPU = Debug|Any CPU
		Release|Any CPU = Release|Any CPU
	EndGlobalSection
	GlobalSection(ProjectConfigurationPlatforms) = postSolution
		{60998205-6509-41D6-9468-3D6146B25AF3}.Debug|Any CPU.ActiveCfg = Debug|Any CPU
		{60998205-6509-41D6-9468-3D6146B25AF3}.Debug|Any CPU.Build.0 = Debug|Any CPU
		{60998205-6509-41D6-9468-3D6146B25AF3}.Release|Any CPU.ActiveCfg = Release|Any CPU
		{60998205-6509-41D6-9468-3D6146B25AF3}.Release|Any CPU.Build.0 = Release|Any CPU
	EndGlobalSection
	GlobalSection(SolutionProperties) = preSolution
		HideSolutionNode = FALSE
	EndGlobalSection
	GlobalSection(ExtensibilityGlobals) = postSolution
		SolutionGuid = {4B92026C-A41D-4BAF-B7D8-A505D83B6DFB}
	EndGlobalSection
EndGlobal
